
Microsoft Visual Studio Solution File, Format Version 12.00
# Visual Studio Version 16
VisualStudioVersion = 16.0.31205.134
MinimumVisualStudioVersion = 10.0.40219.1
Project("{FAE04EC0-301F-11D3-BF4B-00C04F79EFBC}") = "Challenge.Backend.API", "Challenge.Backend.API\Challenge.Backend.API.csproj", "{864DF5DA-DB3A-4862-B4B8-ECB6DA038450}"
EndProject
Project("{FAE04EC0-301F-11D3-BF4B-00C04F79EFBC}") = "Challenge.Backend.Application", "Challenge.Backend.Application\Challenge.Backend.Application.csproj", "{CC207D68-A984-439E-9FC3-49FE8EB67A2A}"
EndProject
Project("{FAE04EC0-301F-11D3-BF4B-00C04F79EFBC}") = "Challenge.Backend.Domain", "Challenge.Backend.Domain\Challenge.Backend.Domain.csproj", "{10E24EC0-218D-4FED-A302-30463946A468}"
EndProject
Project("{FAE04EC0-301F-11D3-BF4B-00C04F79EFBC}") = "Challenge.Backend.AccessData", "Challenge.Backend.AccessData\Challenge.Backend.AccessData.csproj", "{D0882D84-C394-47BB-BB8E-791906396633}"
EndProject
Global
	GlobalSection(SolutionConfigurationPlatforms) = preSolution
		Debug|Any CPU = Debug|Any CPU
		Release|Any CPU = Release|Any CPU
	EndGlobalSection
	GlobalSection(ProjectConfigurationPlatforms) = postSolution
		{864DF5DA-DB3A-4862-B4B8-ECB6DA038450}.Debug|Any CPU.ActiveCfg = Debug|Any CPU
		{864DF5DA-DB3A-4862-B4B8-ECB6DA038450}.Debug|Any CPU.Build.0 = Debug|Any CPU
		{864DF5DA-DB3A-4862-B4B8-ECB6DA038450}.Release|Any CPU.ActiveCfg = Release|Any CPU
		{864DF5DA-DB3A-4862-B4B8-ECB6DA038450}.Release|Any CPU.Build.0 = Release|Any CPU
		{CC207D68-A984-439E-9FC3-49FE8EB67A2A}.Debug|Any CPU.ActiveCfg = Debug|Any CPU
		{CC207D68-A984-439E-9FC3-49FE8EB67A2A}.Debug|Any CPU.Build.0 = Debug|Any CPU
		{CC207D68-A984-439E-9FC3-49FE8EB67A2A}.Release|Any CPU.ActiveCfg = Release|Any CPU
		{CC207D68-A984-439E-9FC3-49FE8EB67A2A}.Release|Any CPU.Build.0 = Release|Any CPU
		{10E24EC0-218D-4FED-A302-30463946A468}.Debug|Any CPU.ActiveCfg = Debug|Any CPU
		{10E24EC0-218D-4FED-A302-30463946A468}.Debug|Any CPU.Build.0 = Debug|Any CPU
		{10E24EC0-218D-4FED-A302-30463946A468}.Release|Any CPU.ActiveCfg = Release|Any CPU
		{10E24EC0-218D-4FED-A302-30463946A468}.Release|Any CPU.Build.0 = Release|Any CPU
		{D0882D84-C394-47BB-BB8E-791906396633}.Debug|Any CPU.ActiveCfg = Debug|Any CPU
		{D0882D84-C394-47BB-BB8E-791906396633}.Debug|Any CPU.Build.0 = Debug|Any CPU
		{D0882D84-C394-47BB-BB8E-791906396633}.Release|Any CPU.ActiveCfg = Release|Any CPU
		{D0882D84-C394-47BB-BB8E-791906396633}.Release|Any CPU.Build.0 = Release|Any CPU
	EndGlobalSection
	GlobalSection(SolutionProperties) = preSolution
		HideSolutionNode = FALSE
	EndGlobalSection
	GlobalSection(ExtensibilityGlobals) = postSolution
		SolutionGuid = {88FB6FF4-0E95-4023-9F06-BC9A9D7A34D5}
	EndGlobalSection
EndGlobal
